
Microsoft Visual Studio Solution File, Format Version 12.00
# Visual Studio Version 16
VisualStudioVersion = 16.0.31702.278
MinimumVisualStudioVersion = 10.0.40219.1
Project("{FAE04EC0-301F-11D3-BF4B-00C04F79EFBC}") = "BeautySalon", "BeautySalon\BeautySalon.csproj", "{DC412134-C37D-43DA-9F8C-762F402558F1}"
EndProject
Global
	GlobalSection(SolutionConfigurationPlatforms) = preSolution
		Debug|Any CPU = Debug|Any CPU
		Release|Any CPU = Release|Any CPU
	EndGlobalSection
	GlobalSection(ProjectConfigurationPlatforms) = postSolution
		{DC412134-C37D-43DA-9F8C-762F402558F1}.Debug|Any CPU.ActiveCfg = Debug|Any CPU
		{DC412134-C37D-43DA-9F8C-762F402558F1}.Debug|Any CPU.Build.0 = Debug|Any CPU
		{DC412134-C37D-43DA-9F8C-762F402558F1}.Release|Any CPU.ActiveCfg = Release|Any CPU
		{DC412134-C37D-43DA-9F8C-762F402558F1}.Release|Any CPU.Build.0 = Release|Any CPU
	EndGlobalSection
	GlobalSection(SolutionProperties) = preSolution
		HideSolutionNode = FALSE
	EndGlobalSection
	GlobalSection(ExtensibilityGlobals) = postSolution
		SolutionGuid = {601884A8-6F36-4457-8D0D-0A6EE2B6901C}
	EndGlobalSection
EndGlobal
